
Microsoft Visual Studio Solution File, Format Version 11.00
# Visual Studio 2010
Project("{FAE04EC0-301F-11D3-BF4B-00C04F79EFBC}") = "ConfigTransformer", "ConfigTransformer\ConfigTransformer.csproj", "{44645B32-7473-4933-8EB4-37E502CD55CD}"
EndProject
Project("{2150E333-8FDC-42A3-9474-1A3956D46DE8}") = ".nuget", ".nuget", "{AD5E358C-DFE8-4088-9D82-19EF59D2F184}"
	ProjectSection(SolutionItems) = preProject
		.nuget\NuGet.Config = .nuget\NuGet.Config
		.nuget\NuGet.exe = .nuget\NuGet.exe
		.nuget\NuGet.targets = .nuget\NuGet.targets
	EndProjectSection
EndProject
Global
	GlobalSection(SolutionConfigurationPlatforms) = preSolution
		Debug|x86 = Debug|x86
		Release|x86 = Release|x86
	EndGlobalSection
	GlobalSection(ProjectConfigurationPlatforms) = postSolution
		{44645B32-7473-4933-8EB4-37E502CD55CD}.Debug|x86.ActiveCfg = Debug|x86
		{44645B32-7473-4933-8EB4-37E502CD55CD}.Debug|x86.Build.0 = Debug|x86
		{44645B32-7473-4933-8EB4-37E502CD55CD}.Release|x86.ActiveCfg = Release|x86
		{44645B32-7473-4933-8EB4-37E502CD55CD}.Release|x86.Build.0 = Release|x86
	EndGlobalSection
	GlobalSection(SolutionProperties) = preSolution
		HideSolutionNode = FALSE
	EndGlobalSection
EndGlobal
